{
  "name": "@hydyco/mongoose-core",
  "version": "0.0.1",
  "lockfileVersion": 1,
  "requires": true,
  "dependencies": {
    "@hydyco/core": {
      "version": "git+https://github.com/iamrahultanwar/hydyco-core.git#5733150245314cd45982edbb786ae44eff7529f4",
      "from": "git+https://github.com/iamrahultanwar/hydyco-core.git",
      "requires": {
        "@tinyhttp/app": "^1.3.11",
        "@tinyhttp/logger": "^1.3.0"
      }
    },
    "@tinyhttp/accepts": {
      "version": "1.3.0",
      "resolved": "https://registry.npmjs.org/@tinyhttp/accepts/-/accepts-1.3.0.tgz",
      "integrity": "sha512-YaJ4EMgVUI6JHzWO14lr6vn/BLJEoFN4Sqd20l0/oBcLLENkP8gnPtX1jB7OhIu0AE40VCweAqvSP+0/pgzB1g==",
      "requires": {
        "es-mime-types": "^0.0.16",
        "negotiator": "^0.6.2"
      }
    },
    "@tinyhttp/app": {
      "version": "1.3.11",
      "resolved": "https://registry.npmjs.org/@tinyhttp/app/-/app-1.3.11.tgz",
      "integrity": "sha512-CDQZhHXMjxseZ0VC73IcJb6Hh2C0+di9OznynMYOikG0fgCAAPRpBeHyp5vtMgfs/CzNIRZjr71JAqivpaAwXw==",
      "requires": {
        "@tinyhttp/cookie": "1.3.0",
        "@tinyhttp/proxy-addr": "1.3.0",
        "@tinyhttp/req": "1.3.1",
        "@tinyhttp/res": "1.3.2",
        "@tinyhttp/router": "1.3.3",
        "regexparam": "^2.0.0"
      }
    },
    "@tinyhttp/content-disposition": {
      "version": "1.3.0",
      "resolved": "https://registry.npmjs.org/@tinyhttp/content-disposition/-/content-disposition-1.3.0.tgz",
      "integrity": "sha512-sSj7YDVz7NcHDn6/O/I3WjtC8ZWJKKIGULoV+pgrLvJvtXK5WroE1Fm8rHRQewh2d9NMajh/7NX6NuSlF8LUaQ=="
    },
    "@tinyhttp/cookie": {
      "version": "1.3.0",
      "resolved": "https://registry.npmjs.org/@tinyhttp/cookie/-/cookie-1.3.0.tgz",
      "integrity": "sha512-4ZVfP8WApV9ZRchv/1i0QiKdP0wxWTUNv4ZsMQrqK0p1KXA0/SvpYUTS6bp1E6Yo0dNxcKte4wJ4FCWFDcShhQ=="
    },
    "@tinyhttp/cookie-signature": {
      "version": "1.3.0",
      "resolved": "https://registry.npmjs.org/@tinyhttp/cookie-signature/-/cookie-signature-1.3.0.tgz",
      "integrity": "sha512-xCQZyCT1S/Rn2Z3SX2gp4IDAwW9AUnjky6hKvqzmMaQqEbIk7e2GCOXW5yjndbfGNTJAxj0tuLNMF4G8aLkfMw=="
    },
    "@tinyhttp/encode-url": {
      "version": "0.3.0",
      "resolved": "https://registry.npmjs.org/@tinyhttp/encode-url/-/encode-url-0.3.0.tgz",
      "integrity": "sha512-QM5j5t0GLucBuBePoOilcz1/zDpqX+LtUdtkPn7IvoHTNJYNxEfSUmIMPUPhyVY7mvbwvafPUCK8u1Byx0+NfQ=="
    },
    "@tinyhttp/etag": {
      "version": "1.3.0",
      "resolved": "https://registry.npmjs.org/@tinyhttp/etag/-/etag-1.3.0.tgz",
      "integrity": "sha512-aWnDb4NuMf/UTm1H88rZgqu32E6t3iDHSHtAppiQCH4M7jRfTUEpiZjz//S+giDnOxAuYttLrXQ1+HGpgzyYUQ=="
    },
    "@tinyhttp/forwarded": {
      "version": "1.3.0",
      "resolved": "https://registry.npmjs.org/@tinyhttp/forwarded/-/forwarded-1.3.0.tgz",
      "integrity": "sha512-U2FPtOH+DoFtd98edMRyqiquRaiuEl5I2PMUWdKaBSpiAIR96buyanQ7hScenz1MihK0AVid7wLAviaJU+Xlyg=="
    },
    "@tinyhttp/logger": {
      "version": "1.3.0",
      "resolved": "https://registry.npmjs.org/@tinyhttp/logger/-/logger-1.3.0.tgz",
      "integrity": "sha512-u8vbW8OEPur3ZlkJGNO+Nl/xw78cdIaDAcWMUEg7o3UY9L5xezMQcLBPX8ykJLEB+Yl+BDmTvt1s1LzkwM6mNQ==",
      "requires": {
        "colorette": "^1.2.2",
        "dayjs": "^1.10.4",
        "http-status-emojis": "^2.2.0"
      }
    },
    "@tinyhttp/proxy-addr": {
      "version": "1.3.0",
      "resolved": "https://registry.npmjs.org/@tinyhttp/proxy-addr/-/proxy-addr-1.3.0.tgz",
      "integrity": "sha512-7Kv6YIC/PlhUwyqAGXhg4DoQDOzbYlcGPkNv/KZAMFj9fZ6IEZyneyaClnD21hMT8qa7g3Z/66hxLa/WxiPAYA==",
      "requires": {
        "@tinyhttp/forwarded": "^1.3.0",
        "ipaddr.js": "^2.0.0"
      }
    },
    "@tinyhttp/req": {
      "version": "1.3.1",
      "resolved": "https://registry.npmjs.org/@tinyhttp/req/-/req-1.3.1.tgz",
      "integrity": "sha512-nNIf3OGBtiQ9WRdqAH/cqwRXgIjQi9oQYslHdGsOzu79MZRvbkco+6FUEYvkQ9N6rLfAL+xjAXkCUk+gDJ0eLA==",
      "requires": {
        "@tinyhttp/accepts": "1.3.0",
        "@tinyhttp/type-is": "1.3.0",
        "@tinyhttp/url": "1.3.1",
        "es-fresh": "^0.0.8",
        "range-parser": "^1.2.1"
      }
    },
    "@tinyhttp/res": {
      "version": "1.3.2",
      "resolved": "https://registry.npmjs.org/@tinyhttp/res/-/res-1.3.2.tgz",
      "integrity": "sha512-5dl9dcBBAIEBNfiR4PodVJc/u8fJIePGdL3eqnlavdXJ2rWV3T6MfwCq4Cd6CV4RRJHbYfsj24Hl3iEYFmhJmg==",
      "requires": {
        "@tinyhttp/content-disposition": "1.3.0",
        "@tinyhttp/cookie": "1.3.0",
        "@tinyhttp/cookie-signature": "1.3.0",
        "@tinyhttp/encode-url": "0.3.0",
        "@tinyhttp/req": "1.3.1",
        "@tinyhttp/send": "1.3.1",
        "es-mime-types": "^0.0.16",
        "es-vary": "^0.0.8",
        "escape-html": "^1.0.3"
      }
    },
    "@tinyhttp/router": {
      "version": "1.3.3",
      "resolved": "https://registry.npmjs.org/@tinyhttp/router/-/router-1.3.3.tgz",
      "integrity": "sha512-Wjch7WR8DDkQm5xeNy4i/RrYQGmNrUhqzqls+UBZW14mULjUUtKoTlDOg59RxsPx2NmzdoDbIW4jTpbw+VyNHg=="
    },
    "@tinyhttp/send": {
      "version": "1.3.1",
      "resolved": "https://registry.npmjs.org/@tinyhttp/send/-/send-1.3.1.tgz",
      "integrity": "sha512-72JvdTkpaSZoSxqhNHc2rEjJDkwAmL5azuIcZOrd+CzQV1etn4gZcdzIoHBBl4iGrrCNKZSPEgQNpWhhjeASpQ==",
      "requires": {
        "@tinyhttp/etag": "1.3.0",
        "es-content-type": "^0.0.10",
        "es-mime-types": "^0.0.16"
      }
    },
    "@tinyhttp/type-is": {
      "version": "1.3.0",
      "resolved": "https://registry.npmjs.org/@tinyhttp/type-is/-/type-is-1.3.0.tgz",
      "integrity": "sha512-3NClOYPNJst9vVLcb793epRI+ZuRwl6IjxSq9LkGN8TEBbtNgv2vTmXZRWcUs2zY9Ju+NQIYecWcsG0Kx23E+g==",
      "requires": {
        "es-content-type": "^0.0.10",
        "es-mime-types": "^0.0.16"
      }
    },
    "@tinyhttp/url": {
      "version": "1.3.1",
      "resolved": "https://registry.npmjs.org/@tinyhttp/url/-/url-1.3.1.tgz",
      "integrity": "sha512-72XRyVFLqbm8C9FQHYgfKNNIZBKuct13/EcA4tPnF9o8dIcL7UJtXCf+kQjdMZPJzJn51c451sxjm5p4dldbvQ=="
    },
    "@types/bson": {
      "version": "4.0.3",
      "resolved": "https://registry.npmjs.org/@types/bson/-/bson-4.0.3.tgz",
      "integrity": "sha512-mVRvYnTOZJz3ccpxhr3wgxVmSeiYinW+zlzQz3SXWaJmD1DuL05Jeq7nKw3SnbKmbleW5qrLG5vdyWe/A9sXhw==",
      "requires": {
        "@types/node": "*"
      }
    },
    "@types/mongodb": {
      "version": "3.6.18",
      "resolved": "https://registry.npmjs.org/@types/mongodb/-/mongodb-3.6.18.tgz",
      "integrity": "sha512-JSVFt9p0rTfZ4EgzXmVHUB3ue00xe3CRbQho8nXfImzEDDM4O7I3po1bwbWl/EIbLENxUreZxqLOc8lvcnLVPA==",
      "requires": {
        "@types/bson": "*",
        "@types/node": "*"
      }
    },
    "@types/mongoose": {
      "version": "5.11.97",
      "resolved": "https://registry.npmjs.org/@types/mongoose/-/mongoose-5.11.97.tgz",
      "integrity": "sha512-cqwOVYT3qXyLiGw7ueU2kX9noE8DPGRY6z8eUxudhXY8NZ7DMKYAxyZkLSevGfhCX3dO/AoX5/SO9lAzfjon0Q==",
      "dev": true,
      "requires": {
        "mongoose": "*"
      }
    },
    "@types/node": {
      "version": "15.12.5",
      "resolved": "https://registry.npmjs.org/@types/node/-/node-15.12.5.tgz",
      "integrity": "sha512-se3yX7UHv5Bscf8f1ERKvQOD6sTyycH3hdaoozvaLxgUiY5lIGEeH37AD0G0Qi9kPqihPn0HOfd2yaIEN9VwEg=="
    },
    "ansi-regex": {
      "version": "5.0.0",
      "resolved": "https://registry.npmjs.org/ansi-regex/-/ansi-regex-5.0.0.tgz",
      "integrity": "sha512-bY6fj56OUQ0hU1KjFNDQuJFezqKdrAyFdIevADiqrWHwSlbmBNMHp5ak2f40Pm8JTFyM2mqxkG6ngkHO11f/lg==",
      "dev": true
    },
    "bl": {
      "version": "2.2.1",
      "resolved": "https://registry.npmjs.org/bl/-/bl-2.2.1.tgz",
      "integrity": "sha512-6Pesp1w0DEX1N550i/uGV/TqucVL4AM/pgThFSN/Qq9si1/DF9aIHs1BxD8V/QU0HoeHO6cQRTAuYnLPKq1e4g==",
      "requires": {
        "readable-stream": "^2.3.5",
        "safe-buffer": "^5.1.1"
      }
    },
    "bluebird": {
      "version": "3.5.1",
      "resolved": "https://registry.npmjs.org/bluebird/-/bluebird-3.5.1.tgz",
      "integrity": "sha512-MKiLiV+I1AA596t9w1sQJ8jkiSr5+ZKi0WKrYGUn6d1Fx+Ij4tIj+m2WMQSGczs5jZVxV339chE8iwk6F64wjA=="
    },
    "bson": {
      "version": "1.1.6",
      "resolved": "https://registry.npmjs.org/bson/-/bson-1.1.6.tgz",
      "integrity": "sha512-EvVNVeGo4tHxwi8L6bPj3y3itEvStdwvvlojVxxbyYfoaxJ6keLgrTuKdyfEAszFK+H3olzBuafE0yoh0D1gdg=="
    },
    "colorette": {
      "version": "1.2.2",
      "resolved": "https://registry.npmjs.org/colorette/-/colorette-1.2.2.tgz",
      "integrity": "sha512-MKGMzyfeuutC/ZJ1cba9NqcNpfeqMUcYmyF1ZFY6/Cn7CNSAKx6a+s48sqLqyAiZuaP2TcqMhoo+dlwFnVxT9w=="
    },
    "core-util-is": {
      "version": "1.0.2",
      "resolved": "https://registry.npmjs.org/core-util-is/-/core-util-is-1.0.2.tgz",
      "integrity": "sha1-tf1UIgqivFq1eqtxQMlAdUUDwac="
    },
    "cross-spawn": {
      "version": "7.0.3",
      "resolved": "https://registry.npmjs.org/cross-spawn/-/cross-spawn-7.0.3.tgz",
      "integrity": "sha512-iRDPJKUPVEND7dHPO8rkbOnPpyDygcDFtWjpeWNCgy8WP2rXcxXL8TskReQl6OrB2G7+UJrags1q15Fudc7G6w==",
      "dev": true,
      "requires": {
        "path-key": "^3.1.0",
        "shebang-command": "^2.0.0",
        "which": "^2.0.1"
      }
    },
    "dayjs": {
      "version": "1.10.5",
      "resolved": "https://registry.npmjs.org/dayjs/-/dayjs-1.10.5.tgz",
      "integrity": "sha512-BUFis41ikLz+65iH6LHQCDm4YPMj5r1YFLdupPIyM4SGcXMmtiLQ7U37i+hGS8urIuqe7I/ou3IS1jVc4nbN4g=="
    },
    "debug": {
      "version": "3.1.0",
      "resolved": "https://registry.npmjs.org/debug/-/debug-3.1.0.tgz",
      "integrity": "sha512-OX8XqP7/1a9cqkxYw2yXss15f26NKWBpDXQd0/uK/KPqdQhxbPa994hnzjcE2VqQpDslf55723cKPUOGSmMY3g==",
      "requires": {
        "ms": "2.0.0"
      },
      "dependencies": {
        "ms": {
          "version": "2.0.0",
          "resolved": "https://registry.npmjs.org/ms/-/ms-2.0.0.tgz",
          "integrity": "sha1-VgiurfwAvmwpAd9fmGF4jeDVl8g="
        }
      }
    },
    "denque": {
      "version": "1.5.0",
      "resolved": "https://registry.npmjs.org/denque/-/denque-1.5.0.tgz",
      "integrity": "sha512-CYiCSgIF1p6EUByQPlGkKnP1M9g0ZV3qMIrqMqZqdwazygIA/YP2vrbcyl1h/WppKJTdl1F85cXIle+394iDAQ=="
    },
    "duplexer": {
      "version": "0.1.2",
      "resolved": "https://registry.npmjs.org/duplexer/-/duplexer-0.1.2.tgz",
      "integrity": "sha512-jtD6YG370ZCIi/9GTaJKQxWTZD045+4R4hTk/x1UyoqadyJ9x9CgSi1RlVDQF8U2sxLLSnFkCaMihqljHIWgMg==",
      "dev": true
    },
    "es-content-type": {
      "version": "0.0.10",
      "resolved": "https://registry.npmjs.org/es-content-type/-/es-content-type-0.0.10.tgz",
      "integrity": "sha512-yCgcv1M2IuFUoGZ3zE4OR2INGmZOwEuyaE5WX4MOKGpJcO8JXgVOIcXVicwnTqlxvx6qs9IJGl/Rr1+YtCkRgg=="
    },
    "es-fresh": {
      "version": "0.0.8",
      "resolved": "https://registry.npmjs.org/es-fresh/-/es-fresh-0.0.8.tgz",
      "integrity": "sha512-ZM+K/T/zHJVuOhaz19iymidACazB1fl2uihBtSfRie8YzN1YM+KldVmNaU+GSmVvTOPSO2utKOhxcOinr5tKjw=="
    },
    "es-mime-types": {
      "version": "0.0.16",
      "resolved": "https://registry.npmjs.org/es-mime-types/-/es-mime-types-0.0.16.tgz",
      "integrity": "sha512-84QoSLeA7cdTeHpALFNl3ZOstXfvLt426/kaOgmSxmNUOhi4GesKVkhJgIfnsqGNziYezVA8rvZUsXj7oWX2qQ==",
      "requires": {
        "mime-db": "^1.44.0"
      }
    },
    "es-vary": {
      "version": "0.0.8",
      "resolved": "https://registry.npmjs.org/es-vary/-/es-vary-0.0.8.tgz",
      "integrity": "sha512-fiERjQiCHrXUAToNRT/sh7MtXnfei9n7cF9oVQRUEp9L5BGXsTKSPaXq8L+4v0c/ezfvuTWd/f0JSl5IBRUvSg=="
    },
    "escape-html": {
      "version": "1.0.3",
      "resolved": "https://registry.npmjs.org/escape-html/-/escape-html-1.0.3.tgz",
      "integrity": "sha1-Aljq5NPQwJdN4cFpGI7wBR0dGYg="
    },
    "event-stream": {
      "version": "3.3.4",
      "resolved": "https://registry.npmjs.org/event-stream/-/event-stream-3.3.4.tgz",
      "integrity": "sha1-SrTJoPWlTbkzi0w02Gv86PSzVXE=",
      "dev": true,
      "requires": {
        "duplexer": "~0.1.1",
        "from": "~0",
        "map-stream": "~0.1.0",
        "pause-stream": "0.0.11",
        "split": "0.3",
        "stream-combiner": "~0.0.4",
        "through": "~2.3.1"
      }
    },
    "from": {
      "version": "0.1.7",
      "resolved": "https://registry.npmjs.org/from/-/from-0.1.7.tgz",
      "integrity": "sha1-g8YK/Fi5xWmXAH7Rp2izqzA6RP4=",
      "dev": true
    },
    "http-status-emojis": {
      "version": "2.2.0",
      "resolved": "https://registry.npmjs.org/http-status-emojis/-/http-status-emojis-2.2.0.tgz",
      "integrity": "sha512-ompKtgwpx8ff0hsbpIB7oE4ax1LXoHmftsHHStMELX56ivG3GhofTX8ZHWlUaFKfGjcGjw6G3rPk7dJRXMmbbg=="
    },
    "inherits": {
      "version": "2.0.4",
      "resolved": "https://registry.npmjs.org/inherits/-/inherits-2.0.4.tgz",
      "integrity": "sha512-k/vGaX4/Yla3WzyMCvTQOXYeIHvqOKtnqBduzTHpzpQZzAskKMhZ2K+EnBiSM9zGSoIFeMpXKxa4dYeZIQqewQ=="
    },
    "ipaddr.js": {
      "version": "2.0.1",
      "resolved": "https://registry.npmjs.org/ipaddr.js/-/ipaddr.js-2.0.1.tgz",
      "integrity": "sha512-1qTgH9NG+IIJ4yfKs2e6Pp1bZg8wbDbKHT21HrLIeYBTRLgMYKnMTPAuI3Lcs61nfx5h1xlXnbJtH1kX5/d/ng=="
    },
    "isarray": {
      "version": "1.0.0",
      "resolved": "https://registry.npmjs.org/isarray/-/isarray-1.0.0.tgz",
      "integrity": "sha1-u5NdSFgsuhaMBoNJV6VKPgcSTxE="
    },
    "isexe": {
      "version": "2.0.0",
      "resolved": "https://registry.npmjs.org/isexe/-/isexe-2.0.0.tgz",
      "integrity": "sha1-6PvzdNxVb/iUehDcsFctYz8s+hA=",
      "dev": true
    },
    "kareem": {
      "version": "2.3.2",
      "resolved": "https://registry.npmjs.org/kareem/-/kareem-2.3.2.tgz",
      "integrity": "sha512-STHz9P7X2L4Kwn72fA4rGyqyXdmrMSdxqHx9IXon/FXluXieaFA6KJ2upcHAHxQPQ0LeM/OjLrhFxifHewOALQ=="
    },
    "map-stream": {
      "version": "0.1.0",
      "resolved": "https://registry.npmjs.org/map-stream/-/map-stream-0.1.0.tgz",
      "integrity": "sha1-5WqpTEyAVaFkBKBnS3jyFffI4ZQ=",
      "dev": true
    },
    "memory-pager": {
      "version": "1.5.0",
      "resolved": "https://registry.npmjs.org/memory-pager/-/memory-pager-1.5.0.tgz",
      "integrity": "sha512-ZS4Bp4r/Zoeq6+NLJpP+0Zzm0pR8whtGPf1XExKLJBAczGMnSi3It14OiNCStjQjM6NU1okjQGSxgEZN8eBYKg==",
      "optional": true
    },
    "mime-db": {
      "version": "1.48.0",
      "resolved": "https://registry.npmjs.org/mime-db/-/mime-db-1.48.0.tgz",
      "integrity": "sha512-FM3QwxV+TnZYQ2aRqhlKBMHxk10lTbMt3bBkMAp54ddrNeVSfcQYOOKuGuy3Ddrm38I04If834fOUSq1yzslJQ=="
    },
    "mongodb": {
      "version": "3.6.8",
      "resolved": "https://registry.npmjs.org/mongodb/-/mongodb-3.6.8.tgz",
      "integrity": "sha512-sDjJvI73WjON1vapcbyBD3Ao9/VN3TKYY8/QX9EPbs22KaCSrQ5rXo5ZZd44tWJ3wl3FlnrFZ+KyUtNH6+1ZPQ==",
      "requires": {
        "bl": "^2.2.1",
        "bson": "^1.1.4",
        "denque": "^1.4.1",
        "optional-require": "^1.0.3",
        "safe-buffer": "^5.1.2",
        "saslprep": "^1.0.0"
      }
    },
    "mongoose": {
      "version": "5.13.0",
      "resolved": "https://registry.npmjs.org/mongoose/-/mongoose-5.13.0.tgz",
      "integrity": "sha512-8dvu7vxmDzlupj4I9T0g33GPf4HzSZmIOKQfG9RJQ5Nxk/Ztx1b8zlYp+blvaCfWwtBpiAJuKYOBU17Wq1RVFQ==",
      "requires": {
        "@types/mongodb": "^3.5.27",
        "bson": "^1.1.4",
        "kareem": "2.3.2",
        "mongodb": "3.6.8",
        "mongoose-legacy-pluralize": "1.0.2",
        "mpath": "0.8.3",
        "mquery": "3.2.5",
        "ms": "2.1.2",
        "regexp-clone": "1.0.0",
        "safe-buffer": "5.2.1",
        "sift": "13.5.2",
        "sliced": "1.0.1"
      }
    },
    "mongoose-legacy-pluralize": {
      "version": "1.0.2",
      "resolved": "https://registry.npmjs.org/mongoose-legacy-pluralize/-/mongoose-legacy-pluralize-1.0.2.tgz",
      "integrity": "sha512-Yo/7qQU4/EyIS8YDFSeenIvXxZN+ld7YdV9LqFVQJzTLye8unujAWPZ4NWKfFA+RNjh+wvTWKY9Z3E5XM6ZZiQ=="
    },
    "mpath": {
      "version": "0.8.3",
      "resolved": "https://registry.npmjs.org/mpath/-/mpath-0.8.3.tgz",
      "integrity": "sha512-eb9rRvhDltXVNL6Fxd2zM9D4vKBxjVVQNLNijlj7uoXUy19zNDsIif5zR+pWmPCWNKwAtqyo4JveQm4nfD5+eA=="
    },
    "mquery": {
      "version": "3.2.5",
      "resolved": "https://registry.npmjs.org/mquery/-/mquery-3.2.5.tgz",
      "integrity": "sha512-VjOKHHgU84wij7IUoZzFRU07IAxd5kWJaDmyUzQlbjHjyoeK5TNeeo8ZsFDtTYnSgpW6n/nMNIHvE3u8Lbrf4A==",
      "requires": {
        "bluebird": "3.5.1",
        "debug": "3.1.0",
        "regexp-clone": "^1.0.0",
        "safe-buffer": "5.1.2",
        "sliced": "1.0.1"
      },
      "dependencies": {
        "safe-buffer": {
          "version": "5.1.2",
          "resolved": "https://registry.npmjs.org/safe-buffer/-/safe-buffer-5.1.2.tgz",
          "integrity": "sha512-Gd2UZBJDkXlY7GbJxfsE8/nvKkUEU1G38c1siN6QP6a9PT9MmHB8GnpscSmMJSoF8LOIrt8ud/wPtojys4G6+g=="
        }
      }
    },
    "ms": {
      "version": "2.1.2",
      "resolved": "https://registry.npmjs.org/ms/-/ms-2.1.2.tgz",
      "integrity": "sha512-sGkPx+VjMtmA6MX27oA4FBFELFCZZ4S4XqeGOXCv68tT+jb3vk/RyaKWP0PTKyWtmLSM0b+adUTEvbs1PEaH2w=="
    },
    "negotiator": {
      "version": "0.6.2",
      "resolved": "https://registry.npmjs.org/negotiator/-/negotiator-0.6.2.tgz",
      "integrity": "sha512-hZXc7K2e+PgeI1eDBe/10Ard4ekbfrrqG8Ep+8Jmf4JID2bNg7NvCPOZN+kfF574pFQI7mum2AUqDidoKqcTOw=="
    },
    "node-cleanup": {
      "version": "2.1.2",
      "resolved": "https://registry.npmjs.org/node-cleanup/-/node-cleanup-2.1.2.tgz",
      "integrity": "sha1-esGavSl+Caf3KnFUXZUbUX5N3iw=",
      "dev": true
    },
    "optional-require": {
      "version": "1.0.3",
      "resolved": "https://registry.npmjs.org/optional-require/-/optional-require-1.0.3.tgz",
      "integrity": "sha512-RV2Zp2MY2aeYK5G+B/Sps8lW5NHAzE5QClbFP15j+PWmP+T9PxlJXBOOLoSAdgwFvS4t0aMR4vpedMkbHfh0nA=="
    },
    "path-key": {
      "version": "3.1.1",
      "resolved": "https://registry.npmjs.org/path-key/-/path-key-3.1.1.tgz",
      "integrity": "sha512-ojmeN0qd+y0jszEtoY48r0Peq5dwMEkIlCOu6Q5f41lfkswXuKtYrhgoTpLnyIcHm24Uhqx+5Tqm2InSwLhE6Q==",
      "dev": true
    },
    "pause-stream": {
      "version": "0.0.11",
      "resolved": "https://registry.npmjs.org/pause-stream/-/pause-stream-0.0.11.tgz",
      "integrity": "sha1-/lo0sMvOErWqaitAPuLnO2AvFEU=",
      "dev": true,
      "requires": {
        "through": "~2.3"
      }
    },
    "process-nextick-args": {
      "version": "2.0.1",
      "resolved": "https://registry.npmjs.org/process-nextick-args/-/process-nextick-args-2.0.1.tgz",
      "integrity": "sha512-3ouUOpQhtgrbOa17J7+uxOTpITYWaGP7/AhoR3+A+/1e9skrzelGi/dXzEYyvbxubEF6Wn2ypscTKiKJFFn1ag=="
    },
    "ps-tree": {
      "version": "1.2.0",
      "resolved": "https://registry.npmjs.org/ps-tree/-/ps-tree-1.2.0.tgz",
      "integrity": "sha512-0VnamPPYHl4uaU/nSFeZZpR21QAWRz+sRv4iW9+v/GS/J5U5iZB5BNN6J0RMoOvdx2gWM2+ZFMIm58q24e4UYA==",
      "dev": true,
      "requires": {
        "event-stream": "=3.3.4"
      }
    },
    "range-parser": {
      "version": "1.2.1",
      "resolved": "https://registry.npmjs.org/range-parser/-/range-parser-1.2.1.tgz",
      "integrity": "sha512-Hrgsx+orqoygnmhFbKaHE6c296J+HTAQXoxEF6gNupROmmGJRoyzfG3ccAveqCBrwr/2yxQ5BVd/GTl5agOwSg=="
    },
    "readable-stream": {
      "version": "2.3.7",
      "resolved": "https://registry.npmjs.org/readable-stream/-/readable-stream-2.3.7.tgz",
      "integrity": "sha512-Ebho8K4jIbHAxnuxi7o42OrZgF/ZTNcsZj6nRKyUmkhLFq8CHItp/fy6hQZuZmP/n3yZ9VBUbp4zz/mX8hmYPw==",
      "requires": {
        "core-util-is": "~1.0.0",
        "inherits": "~2.0.3",
        "isarray": "~1.0.0",
        "process-nextick-args": "~2.0.0",
        "safe-buffer": "~5.1.1",
        "string_decoder": "~1.1.1",
        "util-deprecate": "~1.0.1"
      },
      "dependencies": {
        "safe-buffer": {
          "version": "5.1.2",
          "resolved": "https://registry.npmjs.org/safe-buffer/-/safe-buffer-5.1.2.tgz",
          "integrity": "sha512-Gd2UZBJDkXlY7GbJxfsE8/nvKkUEU1G38c1siN6QP6a9PT9MmHB8GnpscSmMJSoF8LOIrt8ud/wPtojys4G6+g=="
        }
      }
    },
    "regexp-clone": {
      "version": "1.0.0",
      "resolved": "https://registry.npmjs.org/regexp-clone/-/regexp-clone-1.0.0.tgz",
      "integrity": "sha512-TuAasHQNamyyJ2hb97IuBEif4qBHGjPHBS64sZwytpLEqtBQ1gPJTnOaQ6qmpET16cK14kkjbazl6+p0RRv0yw=="
    },
    "regexparam": {
      "version": "2.0.0",
      "resolved": "https://registry.npmjs.org/regexparam/-/regexparam-2.0.0.tgz",
      "integrity": "sha512-gJKwd2MVPWHAIFLsaYDZfyKzHNS4o7E/v8YmNf44vmeV2e4YfVoDToTOKTvE7ab68cRJ++kLuEXJBaEeJVt5ow=="
    },
    "safe-buffer": {
      "version": "5.2.1",
      "resolved": "https://registry.npmjs.org/safe-buffer/-/safe-buffer-5.2.1.tgz",
      "integrity": "sha512-rp3So07KcdmmKbGvgaNxQSJr7bGVSVk5S9Eq1F+ppbRo70+YeaDxkw5Dd8NPN+GD6bjnYm2VuPuCXmpuYvmCXQ=="
    },
    "saslprep": {
      "version": "1.0.3",
      "resolved": "https://registry.npmjs.org/saslprep/-/saslprep-1.0.3.tgz",
      "integrity": "sha512-/MY/PEMbk2SuY5sScONwhUDsV2p77Znkb/q3nSVstq/yQzYJOH/Azh29p9oJLsl3LnQwSvZDKagDGBsBwSooag==",
      "optional": true,
      "requires": {
        "sparse-bitfield": "^3.0.3"
      }
    },
    "shebang-command": {
      "version": "2.0.0",
      "resolved": "https://registry.npmjs.org/shebang-command/-/shebang-command-2.0.0.tgz",
      "integrity": "sha512-kHxr2zZpYtdmrN1qDjrrX/Z1rR1kG8Dx+gkpK1G4eXmvXswmcE1hTWBWYUzlraYw1/yZp6YuDY77YtvbN0dmDA==",
      "dev": true,
      "requires": {
        "shebang-regex": "^3.0.0"
      }
    },
    "shebang-regex": {
      "version": "3.0.0",
      "resolved": "https://registry.npmjs.org/shebang-regex/-/shebang-regex-3.0.0.tgz",
      "integrity": "sha512-7++dFhtcx3353uBaq8DDR4NuxBetBzC7ZQOhmTQInHEd6bSrXdiEyzCvG07Z44UYdLShWUyXt5M/yhz8ekcb1A==",
      "dev": true
    },
    "sift": {
      "version": "13.5.2",
      "resolved": "https://registry.npmjs.org/sift/-/sift-13.5.2.tgz",
      "integrity": "sha512-+gxdEOMA2J+AI+fVsCqeNn7Tgx3M9ZN9jdi95939l1IJ8cZsqS8sqpJyOkic2SJk+1+98Uwryt/gL6XDaV+UZA=="
    },
    "sliced": {
      "version": "1.0.1",
      "resolved": "https://registry.npmjs.org/sliced/-/sliced-1.0.1.tgz",
      "integrity": "sha1-CzpmK10Ewxd7GSa+qCsD+Dei70E="
    },
    "sparse-bitfield": {
      "version": "3.0.3",
      "resolved": "https://registry.npmjs.org/sparse-bitfield/-/sparse-bitfield-3.0.3.tgz",
      "integrity": "sha1-/0rm5oZWBWuks+eSqzM004JzyhE=",
      "optional": true,
      "requires": {
        "memory-pager": "^1.0.2"
      }
    },
    "split": {
      "version": "0.3.3",
      "resolved": "https://registry.npmjs.org/split/-/split-0.3.3.tgz",
      "integrity": "sha1-zQ7qXmOiEd//frDwkcQTPi0N0o8=",
      "dev": true,
      "requires": {
        "through": "2"
      }
    },
    "stream-combiner": {
      "version": "0.0.4",
      "resolved": "https://registry.npmjs.org/stream-combiner/-/stream-combiner-0.0.4.tgz",
      "integrity": "sha1-TV5DPBhSYd3mI8o/RMWGvPXErRQ=",
      "dev": true,
      "requires": {
        "duplexer": "~0.1.1"
      }
    },
    "string-argv": {
      "version": "0.1.2",
      "resolved": "https://registry.npmjs.org/string-argv/-/string-argv-0.1.2.tgz",
      "integrity": "sha512-mBqPGEOMNJKXRo7z0keX0wlAhbBAjilUdPW13nN0PecVryZxdHIeM7TqbsSUA7VYuS00HGC6mojP7DlQzfa9ZA==",
      "dev": true
    },
    "string_decoder": {
      "version": "1.1.1",
      "resolved": "https://registry.npmjs.org/string_decoder/-/string_decoder-1.1.1.tgz",
      "integrity": "sha512-n/ShnvDi6FHbbVfviro+WojiFzv+s8MPMHBczVePfUpDJLwoLT0ht1l4YwBCbi8pJAveEEdnkHyPyTP/mzRfwg==",
      "requires": {
        "safe-buffer": "~5.1.0"
      },
      "dependencies": {
        "safe-buffer": {
          "version": "5.1.2",
          "resolved": "https://registry.npmjs.org/safe-buffer/-/safe-buffer-5.1.2.tgz",
          "integrity": "sha512-Gd2UZBJDkXlY7GbJxfsE8/nvKkUEU1G38c1siN6QP6a9PT9MmHB8GnpscSmMJSoF8LOIrt8ud/wPtojys4G6+g=="
        }
      }
    },
    "strip-ansi": {
      "version": "6.0.0",
      "resolved": "https://registry.npmjs.org/strip-ansi/-/strip-ansi-6.0.0.tgz",
      "integrity": "sha512-AuvKTrTfQNYNIctbR1K/YGTR1756GycPsg7b9bdV9Duqur4gv6aKqHXah67Z8ImS7WEz5QVcOtlfW2rZEugt6w==",
      "dev": true,
      "requires": {
        "ansi-regex": "^5.0.0"
      }
    },
    "through": {
      "version": "2.3.8",
      "resolved": "https://registry.npmjs.org/through/-/through-2.3.8.tgz",
      "integrity": "sha1-DdTJ/6q8NXlgsbckEV1+Doai4fU=",
      "dev": true
    },
    "tsc-watch": {
      "version": "4.4.0",
      "resolved": "https://registry.npmjs.org/tsc-watch/-/tsc-watch-4.4.0.tgz",
      "integrity": "sha512-+0Yey6ptOOXAnt44OKTk2/EnQnmA0auL7VWXm9d9abMS4tabt0Xdr9B4AK6OJbWAre9ZdLA81+Nk8sz9unptyA==",
      "dev": true,
      "requires": {
        "cross-spawn": "^7.0.3",
        "node-cleanup": "^2.1.2",
        "ps-tree": "^1.2.0",
        "string-argv": "^0.1.1",
        "strip-ansi": "^6.0.0"
      }
    },
    "typescript": {
      "version": "4.3.4",
      "resolved": "https://registry.npmjs.org/typescript/-/typescript-4.3.4.tgz",
      "integrity": "sha512-uauPG7XZn9F/mo+7MrsRjyvbxFpzemRjKEZXS4AK83oP2KKOJPvb+9cO/gmnv8arWZvhnjVOXz7B49m1l0e9Ew==",
      "dev": true
    },
    "util-deprecate": {
      "version": "1.0.2",
      "resolved": "https://registry.npmjs.org/util-deprecate/-/util-deprecate-1.0.2.tgz",
      "integrity": "sha1-RQ1Nyfpw3nMnYvvS1KKJgUGaDM8="
    },
    "which": {
      "version": "2.0.2",
      "resolved": "https://registry.npmjs.org/which/-/which-2.0.2.tgz",
      "integrity": "sha512-BLI3Tl1TW3Pvl70l3yq3Y64i+awpwXqsGBYWkkqMtnbXgrMD+yj7rhW0kuEDxzJaYXGjEW5ogapKNMEKNMjibA==",
      "dev": true,
      "requires": {
        "isexe": "^2.0.0"
      }
    }
  }
}
